{
  "lockfileVersion": 2,
  "configVersion": 1,
  "workspaces": {
    "": {
      "name": "jira-desk-tui",
      "dependencies": {
        "@opentui/core": "0.5.7",
      },
      "devDependencies": {
        "@types/bun": "^1.4.0",
        "typescript": "^5.9.3",
      },
    },
  },
  "packages": {
    "@opentui/core": ["@opentui/core@0.5.7", "", { "dependencies": { "bun-ffi-structs": "0.3.1", "diff": "9.0.0", "marked": "17.0.1", "string-width": "7.2.0", "strip-ansi": "7.1.2" }, "optionalDependencies": { "@opentui/core-darwin-arm64": "0.5.7", "@opentui/core-darwin-x64": "0.5.7", "@opentui/core-linux-arm64": "0.5.7", "@opentui/core-linux-arm64-musl": "0.5.7", "@opentui/core-linux-x64": "0.5.7", "@opentui/core-linux-x64-musl": "0.5.7", "@opentui/core-win32-arm64": "0.5.7", "@opentui/core-win32-x64": "0.5.7" }, "peerDependencies": { "web-tree-sitter": "0.25.10" } }, "sha512-/XDabTkfBs2Wy2FhlC4jvzbpphYAs4SlnCRKYEvi+metlXNTSAshSs43wqZ9O4IPd0E4EcQqdfeQ0sdc3yPpYw=="],

    "@opentui/core-darwin-arm64": ["@opentui/core-darwin-arm64@0.5.7", "", { "os": "darwin", "cpu": "arm64" }, "sha512-75TDJgFD6hDoCElIX35Yg3TIRF/jhrtVQO/9snhjGuTsZ7bd0W88jUlvSXSNhqB3CX431rwgi47B+asWPDI1lQ=="],

    "@opentui/core-darwin-x64": ["@opentui/core-darwin-x64@0.5.7", "", { "os": "darwin", "cpu": "x64" }, "sha512-j+Dwu2yV8zahBFjnVIssYdPrHz/+pkd7xWxI+nHjV41V3c+scvH6vJY1U85VCVaoQs/zCH5xAJbmAAn7Sgeh8g=="],

    "@opentui/core-linux-arm64": ["@opentui/core-linux-arm64@0.5.7", "", { "os": "linux", "cpu": "arm64" }, "sha512-gWO9NWaivXRPc0XhEbxehj3ApyC1SW8Bf1cnHnME1zhw/EZNCNE3TQHgKwOnnNKtvlbhzLQjOI4OqyPYV8UcEQ=="],

    "@opentui/core-linux-arm64-musl": ["@opentui/core-linux-arm64-musl@0.5.7", "", { "os": "linux", "cpu": "arm64" }, "sha512-RumSHTasIAWU7jPBKiTuEZG/m+prfQKCHhL3JAQnBLgp7eAB20XZGfSLVWDBgxkyKq1rHCUgLtZktC5ZAyKfTA=="],

    "@opentui/core-linux-x64": ["@opentui/core-linux-x64@0.5.7", "", { "os": "linux", "cpu": "x64" }, "sha512-fXDmrIlfp9xaoVkk3BNn3yUO/b7plBSOfUh2oWOezRA6E/g5z+hTO1alGFQCy+VV+1kfA6iuYadAww0xNtfACg=="],

    "@opentui/core-linux-x64-musl": ["@opentui/core-linux-x64-musl@0.5.7", "", { "os": "linux", "cpu": "x64" }, "sha512-1opDV+W7C1F4iWivCNKuYl5Hen+IeFXAuUPm3hVyN0UtdcP8LESpFJTr8QRwHpGSE9Jz1K2g2S2ipzI3u5mhgw=="],

    "@opentui/core-win32-arm64": ["@opentui/core-win32-arm64@0.5.7", "", { "os": "win32", "cpu": "arm64" }, "sha512-gbiZUyttjq8s+bsnsaopygWN7LTS/RyzD6GOmpgOB2TVitvo0P6mxM+AebBGuu/7xri17Rqaxf3uqrgdKiJAeg=="],

    "@opentui/core-win32-x64": ["@opentui/core-win32-x64@0.5.7", "", { "os": "win32", "cpu": "x64" }, "sha512-bDwon45lUxbV3rMcekTCg4mXcBu9uhdG6HLeLK5TVZf05/h+Ibkf2UeZ8A2jjQt+MK6jpYmxWwDCVCTzZ7EU7Q=="],

    "@types/bun": ["@types/bun@1.4.0", "", { "dependencies": { "bun-types": "1.4.0" } }, "sha512-K+lZULY23vRgK/CfTjFIV+tyifaNdSMlPh9j+6mQ/cLfpOznLyAuzgV/JQysyECpkBQLVMSyvjlr2fBUSA9wFQ=="],

    "@types/node": ["@types/node@26.2.0", "", { "dependencies": { "undici-types": "~8.3.0" } }, "sha512-5IviulTZeRNp2vAJ514cc/HUlY5nZ9fCbq9DMyC52BrhFZACo3nI0R7qBxhQmo/d27NFe96ur/b7Wwxklda+kg=="],

    "ansi-regex": ["ansi-regex@6.3.0", "", {}, "sha512-WpDfL7NO6j7tH88IDBNVdUJxDh9nmCteAVW9dsep846XdwF4naCBK+/tGLX3KJgcpgMRXCFlTM2hKGoK9FsdrQ=="],

    "bun-ffi-structs": ["bun-ffi-structs@0.3.1", "", { "peerDependencies": { "typescript": "^5" } }, "sha512-3gM7PpVWLyrwxWjcilSiGuhWanhZivvo6l0u573NziPH6f/gwk6McbaYgn7oJWov6pKGRTDbrg94W5DcJsKTtQ=="],

    "bun-types": ["bun-types@1.4.0", "", { "dependencies": { "@types/node": "*" } }, "sha512-iIKw23BspnQQYd3prITOBxeUsxBHnwzX6YJfGMuNOZzeNcMmVqzIIVGRm1l69ogaPQmb4wB6BN8mA5bE9YuC5Q=="],

    "diff": ["diff@9.0.0", "", {}, "sha512-svtcdpS8CgJyqAjEQIXdb3OjhFVVYjzGAPO8WGCmRbrml64SPw/jJD4GoE98aR7r25A0XcgrK3F02yw9R/vhQw=="],

    "emoji-regex": ["emoji-regex@10.6.0", "", {}, "sha512-toUI84YS5YmxW219erniWD0CIVOo46xGKColeNQRgOzDorgBi1v4D71/OFzgD9GO2UGKIv1C3Sp8DAn0+j5w7A=="],

    "get-east-asian-width": ["get-east-asian-width@1.6.0", "", {}, "sha512-QRbvDIbx6YklUe6RxeTeleMR0yv3cYH6PsPZHcnVn7xv7zO1BHN8r0XETu8n6Ye3Q+ahtSarc3WgtNWmehIBfA=="],

    "marked": ["marked@17.0.1", "", { "bin": { "marked": "bin/marked.js" } }, "sha512-boeBdiS0ghpWcSwoNm/jJBwdpFaMnZWRzjA6SkUMYb40SVaN1x7mmfGKp0jvexGcx+7y2La5zRZsYFZI6Qpypg=="],

    "string-width": ["string-width@7.2.0", "", { "dependencies": { "emoji-regex": "^10.3.0", "get-east-asian-width": "^1.0.0", "strip-ansi": "^7.1.0" } }, "sha512-tsaTIkKW9b4N+AEj+SVA+WhJzV7/zMhcSu78mLKWSk7cXMOSHsBKFWUs0fWwq8QyK3MgJBQRX6Gbi4kYbdvGkQ=="],

    "strip-ansi": ["strip-ansi@7.1.2", "", { "dependencies": { "ansi-regex": "^6.0.1" } }, "sha512-gmBGslpoQJtgnMAvOVqGZpEz9dyoKTCzy2nfz/n8aIFhN/jCE/rCmcxabB6jOOHV+0WNnylOxaxBQPSvcWklhA=="],

    "typescript": ["typescript@5.9.3", "", { "bin": { "tsc": "bin/tsc", "tsserver": "bin/tsserver" } }, "sha512-jl1vZzPDinLr9eUt3J/t7V6FgNEw9QjvBPdysz9KfQDD41fQrC2Y4vKQdiaUpFT4bXlb1RHhLpp8wtm6M5TgSw=="],

    "undici-types": ["undici-types@8.3.0", "", {}, "sha512-j375ScV60dom+YkPFIfTLcOiPxkN/buHz5GobjLhixFuANaNs3C9l4GmrWqejgXWJ7BbJcFYpTEUkS1Ge8bpZQ=="],

    "web-tree-sitter": ["web-tree-sitter@0.25.10", "", { "peerDependencies": { "@types/emscripten": "^1.40.0" }, "optionalPeers": ["@types/emscripten"] }, "sha512-Y09sF44/13XvgVKgO2cNDw5rGk6s26MgoZPXLESvMXeefBf7i6/73eFurre0IsTW6E14Y0ArIzhUMmjoc7xyzA=="],
  }
}
